{
  "nodes": {
    "nixpkgs": {
      "locked": {
        "lastModified": 1594884457,
        "narHash": "sha256-o7fOmlRZgLVOcG87GZMEZbXrJ93xVI5TGEK2rHKv8+c=",
        "owner": "NixOS",
        "repo": "nixpkgs",
        "rev": "76adfc180c0e4bad011e33ee73fba2a56e1f212b",
        "type": "github"
      },
      "original": {
        "id": "nixpkgs",
        "ref": "nixos-20.03",
        "type": "indirect"
      }
    },
    "openpgp-ca-src": {
      "flake": false,
      "locked": {
        "lastModified": 1594982136,
        "narHash": "sha256-nvL8YAsPvsJCCR294u9KkqrsObvgNZ/gnRgmCiJCQII=",
        "ref": "master",
        "rev": "8538d0db2ea57a89aca8fe95ed1f7ce6e99d02b3",
        "revCount": 401,
        "type": "git",
        "url": "https://gitlab.com/openpgp-ca/openpgp-ca"
      },
      "original": {
        "type": "git",
        "url": "https://gitlab.com/openpgp-ca/openpgp-ca"
      }
    },
    "root": {
      "inputs": {
        "nixpkgs": "nixpkgs",
        "openpgp-ca-src": "openpgp-ca-src"
      }
    }
  },
  "root": "root",
  "version": 7
}
